
Microsoft Visual Studio Solution File, Format Version 12.00
# Visual Studio Version 17
VisualStudioVersion = 17.1.32210.238
MinimumVisualStudioVersion = 10.0.40219.1
Project("{888888A0-9F3D-457C-B088-3A5042F75D52}") = "WeatherReport", "WeatherReport\WeatherReport.pyproj", "{2D697735-9B27-4E57-B1AE-BA08C35B3CF9}"
EndProject
Global
	GlobalSection(SolutionConfigurationPlatforms) = preSolution
		Debug|Any CPU = Debug|Any CPU
		Release|Any CPU = Release|Any CPU
	EndGlobalSection
	GlobalSection(ProjectConfigurationPlatforms) = postSolution
		{2D697735-9B27-4E57-B1AE-BA08C35B3CF9}.Debug|Any CPU.ActiveCfg = Debug|Any CPU
		{2D697735-9B27-4E57-B1AE-BA08C35B3CF9}.Release|Any CPU.ActiveCfg = Release|Any CPU
	EndGlobalSection
	GlobalSection(SolutionProperties) = preSolution
		HideSolutionNode = FALSE
	EndGlobalSection
	GlobalSection(ExtensibilityGlobals) = postSolution
		SolutionGuid = {655B548B-80E2-4ECC-9216-9B0EED9F5E04}
	EndGlobalSection
EndGlobal
